
Microsoft Visual Studio Solution File, Format Version 12.00
# Visual Studio 15
VisualStudioVersion = 15.0.27428.2037
MinimumVisualStudioVersion = 10.0.40219.1
Project("{FAE04EC0-301F-11D3-BF4B-00C04F79EFBC}") = "Lab2", "Lab2\Lab2.csproj", "{D6C44641-8093-4BC3-AA1F-1E2A972E49A6}"
EndProject
Global
	GlobalSection(SolutionConfigurationPlatforms) = preSolution
		Debug|Any CPU = Debug|Any CPU
		Debug|x64 = Debug|x64
		Release|Any CPU = Release|Any CPU
		Release|x64 = Release|x64
	EndGlobalSection
	GlobalSection(ProjectConfigurationPlatforms) = postSolution
		{D6C44641-8093-4BC3-AA1F-1E2A972E49A6}.Debug|Any CPU.ActiveCfg = Debug|Any CPU
		{D6C44641-8093-4BC3-AA1F-1E2A972E49A6}.Debug|Any CPU.Build.0 = Debug|Any CPU
		{D6C44641-8093-4BC3-AA1F-1E2A972E49A6}.Debug|x64.ActiveCfg = Debug|x64
		{D6C44641-8093-4BC3-AA1F-1E2A972E49A6}.Debug|x64.Build.0 = Debug|x64
		{D6C44641-8093-4BC3-AA1F-1E2A972E49A6}.Release|Any CPU.ActiveCfg = Release|Any CPU
		{D6C44641-8093-4BC3-AA1F-1E2A972E49A6}.Release|Any CPU.Build.0 = Release|Any CPU
		{D6C44641-8093-4BC3-AA1F-1E2A972E49A6}.Release|x64.ActiveCfg = Release|x64
		{D6C44641-8093-4BC3-AA1F-1E2A972E49A6}.Release|x64.Build.0 = Release|x64
	EndGlobalSection
	GlobalSection(SolutionProperties) = preSolution
		HideSolutionNode = FALSE
	EndGlobalSection
	GlobalSection(ExtensibilityGlobals) = postSolution
		SolutionGuid = {77BFFAC7-40F2-4489-A1B4-7FB2D58348A9}
	EndGlobalSection
EndGlobal
